
Microsoft Visual Studio Solution File, Format Version 12.00
# Visual Studio Version 16
VisualStudioVersion = 16.0.29911.84
MinimumVisualStudioVersion = 10.0.40219.1
Project("{FAE04EC0-301F-11D3-BF4B-00C04F79EFBC}") = "AsyncUsageExample", "AsyncUsageExample\AsyncUsageExample.csproj", "{56BE164D-CF0F-4CF2-BD6C-14F8AEE2A7DF}"
EndProject
Global
	GlobalSection(SolutionConfigurationPlatforms) = preSolution
		Debug|Any CPU = Debug|Any CPU
		Release|Any CPU = Release|Any CPU
	EndGlobalSection
	GlobalSection(ProjectConfigurationPlatforms) = postSolution
		{56BE164D-CF0F-4CF2-BD6C-14F8AEE2A7DF}.Debug|Any CPU.ActiveCfg = Debug|Any CPU
		{56BE164D-CF0F-4CF2-BD6C-14F8AEE2A7DF}.Debug|Any CPU.Build.0 = Debug|Any CPU
		{56BE164D-CF0F-4CF2-BD6C-14F8AEE2A7DF}.Release|Any CPU.ActiveCfg = Release|Any CPU
		{56BE164D-CF0F-4CF2-BD6C-14F8AEE2A7DF}.Release|Any CPU.Build.0 = Release|Any CPU
	EndGlobalSection
	GlobalSection(SolutionProperties) = preSolution
		HideSolutionNode = FALSE
	EndGlobalSection
	GlobalSection(ExtensibilityGlobals) = postSolution
		SolutionGuid = {47F07187-1FEB-4B12-9158-59B3FF33110B}
	EndGlobalSection
EndGlobal
